
Microsoft Visual Studio Solution File, Format Version 12.00
# Visual Studio Express 2013 for Windows Desktop
VisualStudioVersion = 12.0.31101.0
MinimumVisualStudioVersion = 10.0.40219.1
Project("{8BC9CEB8-8B4A-11D0-8D11-00A0C91BC942}") = "SFMLlibrary", "SFMLlibrary\SFMLlibrary.vcxproj", "{295E5041-BAF6-4887-A892-75C37144EDAE}"
EndProject
Global
	GlobalSection(SolutionConfigurationPlatforms) = preSolution
		Debug|Win32 = Debug|Win32
		Release|Win32 = Release|Win32
	EndGlobalSection
	GlobalSection(ProjectConfigurationPlatforms) = postSolution
		{295E5041-BAF6-4887-A892-75C37144EDAE}.Debug|Win32.ActiveCfg = Debug|Win32
		{295E5041-BAF6-4887-A892-75C37144EDAE}.Debug|Win32.Build.0 = Debug|Win32
		{295E5041-BAF6-4887-A892-75C37144EDAE}.Release|Win32.ActiveCfg = Release|Win32
		{295E5041-BAF6-4887-A892-75C37144EDAE}.Release|Win32.Build.0 = Release|Win32
	EndGlobalSection
	GlobalSection(SolutionProperties) = preSolution
		HideSolutionNode = FALSE
	EndGlobalSection
EndGlobal
